
Microsoft Visual Studio Solution File, Format Version 12.00
# Visual Studio 2012
Project("{8BC9CEB8-8B4A-11D0-8D11-00A0C91BC942}") = "Everything_is_OK", "Everything_is_OK\Everything_is_OK.vcxproj", "{B83C0E7D-0FEF-4C68-992B-77B40FFE2C6C}"
EndProject
Global
	GlobalSection(SolutionConfigurationPlatforms) = preSolution
		Debug|Win32 = Debug|Win32
		Release|Win32 = Release|Win32
	EndGlobalSection
	GlobalSection(ProjectConfigurationPlatforms) = postSolution
		{B83C0E7D-0FEF-4C68-992B-77B40FFE2C6C}.Debug|Win32.ActiveCfg = Debug|Win32
		{B83C0E7D-0FEF-4C68-992B-77B40FFE2C6C}.Debug|Win32.Build.0 = Debug|Win32
		{B83C0E7D-0FEF-4C68-992B-77B40FFE2C6C}.Release|Win32.ActiveCfg = Release|Win32
		{B83C0E7D-0FEF-4C68-992B-77B40FFE2C6C}.Release|Win32.Build.0 = Release|Win32
	EndGlobalSection
	GlobalSection(SolutionProperties) = preSolution
		HideSolutionNode = FALSE
	EndGlobalSection
EndGlobal
